
Microsoft Visual Studio Solution File, Format Version 12.00
# Visual Studio Version 17
VisualStudioVersion = 17.0.31903.59
MinimumVisualStudioVersion = 10.0.40219.1
Project("{2150E333-8FDC-42A3-9474-1A3956D46DE8}") = "src", "src", "{9D9556CE-C823-4126-9721-D3F0683E8E32}"
EndProject
Project("{FAE04EC0-301F-11D3-BF4B-00C04F79EFBC}") = "AuctionService", "src\AuctionService\AuctionService.csproj", "{B080A89F-92F8-4840-A567-5655F543F189}"
EndProject
Project("{FAE04EC0-301F-11D3-BF4B-00C04F79EFBC}") = "SearchService", "src\SearchService\SearchService.csproj", "{7EAC48D9-BDCC-46F4-B51E-F1170712317E}"
EndProject
Project("{FAE04EC0-301F-11D3-BF4B-00C04F79EFBC}") = "Contracts", "src\Contracts\Contracts.csproj", "{752A7925-61E4-4AEC-9DBA-C0632B4AB657}"
EndProject
Project("{FAE04EC0-301F-11D3-BF4B-00C04F79EFBC}") = "IdentityService", "src\IdentityService\IdentityService.csproj", "{CA6C7815-13BC-4BAD-A86F-8A60254A9F66}"
EndProject
Project("{FAE04EC0-301F-11D3-BF4B-00C04F79EFBC}") = "GatewayService", "src\GatewayService\GatewayService.csproj", "{2826509E-2747-433E-B719-DDAF227DF43D}"
EndProject
Project("{2150E333-8FDC-42A3-9474-1A3956D46DE8}") = "tests", "tests", "{AC4DC3F2-FFE3-416E-B2B8-EB4C79048BF2}"
EndProject
Project("{FAE04EC0-301F-11D3-BF4B-00C04F79EFBC}") = "AuctionService.UnitTests", "tests\AuctionService.UnitTests\AuctionService.UnitTests.csproj", "{4B4866BF-E706-48CB-B248-A9CFD3AC443D}"
EndProject
Project("{FAE04EC0-301F-11D3-BF4B-00C04F79EFBC}") = "AuctionService.IntegrationTests", "tests\AuctionService.IntegrationTests\AuctionService.IntegrationTests.csproj", "{105EC9E7-A79D-4D17-8A01-9F49B2BE971E}"
EndProject
Global
	GlobalSection(SolutionConfigurationPlatforms) = preSolution
		Debug|Any CPU = Debug|Any CPU
		Release|Any CPU = Release|Any CPU
	EndGlobalSection
	GlobalSection(SolutionProperties) = preSolution
		HideSolutionNode = FALSE
	EndGlobalSection
	GlobalSection(ProjectConfigurationPlatforms) = postSolution
		{B080A89F-92F8-4840-A567-5655F543F189}.Debug|Any CPU.ActiveCfg = Debug|Any CPU
		{B080A89F-92F8-4840-A567-5655F543F189}.Debug|Any CPU.Build.0 = Debug|Any CPU
		{B080A89F-92F8-4840-A567-5655F543F189}.Release|Any CPU.ActiveCfg = Release|Any CPU
		{B080A89F-92F8-4840-A567-5655F543F189}.Release|Any CPU.Build.0 = Release|Any CPU
		{7EAC48D9-BDCC-46F4-B51E-F1170712317E}.Debug|Any CPU.ActiveCfg = Debug|Any CPU
		{7EAC48D9-BDCC-46F4-B51E-F1170712317E}.Debug|Any CPU.Build.0 = Debug|Any CPU
		{7EAC48D9-BDCC-46F4-B51E-F1170712317E}.Release|Any CPU.ActiveCfg = Release|Any CPU
		{7EAC48D9-BDCC-46F4-B51E-F1170712317E}.Release|Any CPU.Build.0 = Release|Any CPU
		{752A7925-61E4-4AEC-9DBA-C0632B4AB657}.Debug|Any CPU.ActiveCfg = Debug|Any CPU
		{752A7925-61E4-4AEC-9DBA-C0632B4AB657}.Debug|Any CPU.Build.0 = Debug|Any CPU
		{752A7925-61E4-4AEC-9DBA-C0632B4AB657}.Release|Any CPU.ActiveCfg = Release|Any CPU
		{752A7925-61E4-4AEC-9DBA-C0632B4AB657}.Release|Any CPU.Build.0 = Release|Any CPU
		{CA6C7815-13BC-4BAD-A86F-8A60254A9F66}.Debug|Any CPU.ActiveCfg = Debug|Any CPU
		{CA6C7815-13BC-4BAD-A86F-8A60254A9F66}.Debug|Any CPU.Build.0 = Debug|Any CPU
		{CA6C7815-13BC-4BAD-A86F-8A60254A9F66}.Release|Any CPU.ActiveCfg = Release|Any CPU
		{CA6C7815-13BC-4BAD-A86F-8A60254A9F66}.Release|Any CPU.Build.0 = Release|Any CPU
		{2826509E-2747-433E-B719-DDAF227DF43D}.Debug|Any CPU.ActiveCfg = Debug|Any CPU
		{2826509E-2747-433E-B719-DDAF227DF43D}.Debug|Any CPU.Build.0 = Debug|Any CPU
		{2826509E-2747-433E-B719-DDAF227DF43D}.Release|Any CPU.ActiveCfg = Release|Any CPU
		{2826509E-2747-433E-B719-DDAF227DF43D}.Release|Any CPU.Build.0 = Release|Any CPU
		{4B4866BF-E706-48CB-B248-A9CFD3AC443D}.Debug|Any CPU.ActiveCfg = Debug|Any CPU
		{4B4866BF-E706-48CB-B248-A9CFD3AC443D}.Debug|Any CPU.Build.0 = Debug|Any CPU
		{4B4866BF-E706-48CB-B248-A9CFD3AC443D}.Release|Any CPU.ActiveCfg = Release|Any CPU
		{4B4866BF-E706-48CB-B248-A9CFD3AC443D}.Release|Any CPU.Build.0 = Release|Any CPU
		{105EC9E7-A79D-4D17-8A01-9F49B2BE971E}.Debug|Any CPU.ActiveCfg = Debug|Any CPU
		{105EC9E7-A79D-4D17-8A01-9F49B2BE971E}.Debug|Any CPU.Build.0 = Debug|Any CPU
		{105EC9E7-A79D-4D17-8A01-9F49B2BE971E}.Release|Any CPU.ActiveCfg = Release|Any CPU
		{105EC9E7-A79D-4D17-8A01-9F49B2BE971E}.Release|Any CPU.Build.0 = Release|Any CPU
	EndGlobalSection
	GlobalSection(NestedProjects) = preSolution
		{B080A89F-92F8-4840-A567-5655F543F189} = {9D9556CE-C823-4126-9721-D3F0683E8E32}
		{7EAC48D9-BDCC-46F4-B51E-F1170712317E} = {9D9556CE-C823-4126-9721-D3F0683E8E32}
		{752A7925-61E4-4AEC-9DBA-C0632B4AB657} = {9D9556CE-C823-4126-9721-D3F0683E8E32}
		{CA6C7815-13BC-4BAD-A86F-8A60254A9F66} = {9D9556CE-C823-4126-9721-D3F0683E8E32}
		{2826509E-2747-433E-B719-DDAF227DF43D} = {9D9556CE-C823-4126-9721-D3F0683E8E32}
		{4B4866BF-E706-48CB-B248-A9CFD3AC443D} = {AC4DC3F2-FFE3-416E-B2B8-EB4C79048BF2}
		{105EC9E7-A79D-4D17-8A01-9F49B2BE971E} = {AC4DC3F2-FFE3-416E-B2B8-EB4C79048BF2}
	EndGlobalSection
EndGlobal
